
Microsoft Visual Studio Solution File, Format Version 12.00
# Visual Studio Version 16
VisualStudioVersion = 16.0.33027.164
MinimumVisualStudioVersion = 10.0.40219.1
Project("{2150E333-8FDC-42A3-9474-1A3956D46DE8}") = "Gateways", "Gateways", "{1416DD41-2614-437B-AFD1-155A5D553AF0}"
EndProject
Project("{2150E333-8FDC-42A3-9474-1A3956D46DE8}") = "Services", "Services", "{E66CA1E1-2CAC-4FE0-93EB-C352EB0556AD}"
EndProject
Project("{2150E333-8FDC-42A3-9474-1A3956D46DE8}") = "Shared", "Shared", "{D1A950BB-B999-4543-A850-6C77B422ADD1}"
EndProject
Project("{2150E333-8FDC-42A3-9474-1A3956D46DE8}") = "Solution Items", "Solution Items", "{A2A5F25F-AE13-4C59-920F-D3021288A09E}"
	ProjectSection(SolutionItems) = preProject
		Port.txt = Port.txt
	EndProjectSection
EndProject
Project("{2150E333-8FDC-42A3-9474-1A3956D46DE8}") = "Movie", "Movie", "{0A7AE6C7-DBC8-42E8-A117-CCA83D167B47}"
EndProject
Project("{9A19103F-16F7-4668-BE54-9A1E7A4F7556}") = "TMDB.Services.Movie", "Services\Movie\TMDB.Services.Movie\TMDB.Services.Movie.csproj", "{703DDEF1-F929-45AA-8420-9F0C37CE8DA0}"
EndProject
Project("{9A19103F-16F7-4668-BE54-9A1E7A4F7556}") = "TMDB.Shared", "Shared\TMDB.Shared\TMDB.Shared.csproj", "{EB370AB8-65CA-4E5A-B64C-440CFB1714DF}"
EndProject
Project("{2150E333-8FDC-42A3-9474-1A3956D46DE8}") = "IdentityServer", "IdentityServer", "{4EA24D19-7110-44AF-BC7F-0297FDDC0316}"
EndProject
Project("{9A19103F-16F7-4668-BE54-9A1E7A4F7556}") = "TMDB.IdentityServer", "IdentityServer\TMDB.IdentityServer\TMDB.IdentityServer.csproj", "{091CF45D-BB67-41F1-A1FB-D90F076042C0}"
EndProject
Project("{9A19103F-16F7-4668-BE54-9A1E7A4F7556}") = "TMDB.Gateway", "TMDB.Gateway\TMDB.Gateway.csproj", "{01FAEB69-8954-4A1F-8AD9-DA049C3AFD89}"
EndProject
Project("{2150E333-8FDC-42A3-9474-1A3956D46DE8}") = "UserComment", "UserComment", "{6AF3CB89-8118-4C4F-BA21-17D828DDC308}"
EndProject
Project("{9A19103F-16F7-4668-BE54-9A1E7A4F7556}") = "TMDB.Services.UserComment", "Services\UserComment\TMDB.Services.UserComment\TMDB.Services.UserComment.csproj", "{3DC9F872-775C-4D7D-B76F-A0BCF8034700}"
EndProject
Project("{2150E333-8FDC-42A3-9474-1A3956D46DE8}") = "Mail", "Mail", "{A9A22FBB-F50D-46AE-9F57-9E2091D8BBB9}"
EndProject
Project("{9A19103F-16F7-4668-BE54-9A1E7A4F7556}") = "TMDB.Services.Mail", "Services\Mail\TMDB.Services.Mail\TMDB.Services.Mail.csproj", "{2118CE58-D137-478A-9499-E2095BCAA5A0}"
EndProject
Global
	GlobalSection(SolutionConfigurationPlatforms) = preSolution
		Debug|Any CPU = Debug|Any CPU
		Release|Any CPU = Release|Any CPU
	EndGlobalSection
	GlobalSection(ProjectConfigurationPlatforms) = postSolution
		{703DDEF1-F929-45AA-8420-9F0C37CE8DA0}.Debug|Any CPU.ActiveCfg = Debug|Any CPU
		{703DDEF1-F929-45AA-8420-9F0C37CE8DA0}.Debug|Any CPU.Build.0 = Debug|Any CPU
		{703DDEF1-F929-45AA-8420-9F0C37CE8DA0}.Release|Any CPU.ActiveCfg = Release|Any CPU
		{703DDEF1-F929-45AA-8420-9F0C37CE8DA0}.Release|Any CPU.Build.0 = Release|Any CPU
		{EB370AB8-65CA-4E5A-B64C-440CFB1714DF}.Debug|Any CPU.ActiveCfg = Debug|Any CPU
		{EB370AB8-65CA-4E5A-B64C-440CFB1714DF}.Debug|Any CPU.Build.0 = Debug|Any CPU
		{EB370AB8-65CA-4E5A-B64C-440CFB1714DF}.Release|Any CPU.ActiveCfg = Release|Any CPU
		{EB370AB8-65CA-4E5A-B64C-440CFB1714DF}.Release|Any CPU.Build.0 = Release|Any CPU
		{091CF45D-BB67-41F1-A1FB-D90F076042C0}.Debug|Any CPU.ActiveCfg = Debug|Any CPU
		{091CF45D-BB67-41F1-A1FB-D90F076042C0}.Debug|Any CPU.Build.0 = Debug|Any CPU
		{091CF45D-BB67-41F1-A1FB-D90F076042C0}.Release|Any CPU.ActiveCfg = Release|Any CPU
		{091CF45D-BB67-41F1-A1FB-D90F076042C0}.Release|Any CPU.Build.0 = Release|Any CPU
		{01FAEB69-8954-4A1F-8AD9-DA049C3AFD89}.Debug|Any CPU.ActiveCfg = Debug|Any CPU
		{01FAEB69-8954-4A1F-8AD9-DA049C3AFD89}.Debug|Any CPU.Build.0 = Debug|Any CPU
		{01FAEB69-8954-4A1F-8AD9-DA049C3AFD89}.Release|Any CPU.ActiveCfg = Release|Any CPU
		{01FAEB69-8954-4A1F-8AD9-DA049C3AFD89}.Release|Any CPU.Build.0 = Release|Any CPU
		{3DC9F872-775C-4D7D-B76F-A0BCF8034700}.Debug|Any CPU.ActiveCfg = Debug|Any CPU
		{3DC9F872-775C-4D7D-B76F-A0BCF8034700}.Debug|Any CPU.Build.0 = Debug|Any CPU
		{3DC9F872-775C-4D7D-B76F-A0BCF8034700}.Release|Any CPU.ActiveCfg = Release|Any CPU
		{3DC9F872-775C-4D7D-B76F-A0BCF8034700}.Release|Any CPU.Build.0 = Release|Any CPU
		{2118CE58-D137-478A-9499-E2095BCAA5A0}.Debug|Any CPU.ActiveCfg = Debug|Any CPU
		{2118CE58-D137-478A-9499-E2095BCAA5A0}.Debug|Any CPU.Build.0 = Debug|Any CPU
		{2118CE58-D137-478A-9499-E2095BCAA5A0}.Release|Any CPU.ActiveCfg = Release|Any CPU
		{2118CE58-D137-478A-9499-E2095BCAA5A0}.Release|Any CPU.Build.0 = Release|Any CPU
	EndGlobalSection
	GlobalSection(SolutionProperties) = preSolution
		HideSolutionNode = FALSE
	EndGlobalSection
	GlobalSection(NestedProjects) = preSolution
		{0A7AE6C7-DBC8-42E8-A117-CCA83D167B47} = {E66CA1E1-2CAC-4FE0-93EB-C352EB0556AD}
		{703DDEF1-F929-45AA-8420-9F0C37CE8DA0} = {0A7AE6C7-DBC8-42E8-A117-CCA83D167B47}
		{EB370AB8-65CA-4E5A-B64C-440CFB1714DF} = {D1A950BB-B999-4543-A850-6C77B422ADD1}
		{091CF45D-BB67-41F1-A1FB-D90F076042C0} = {4EA24D19-7110-44AF-BC7F-0297FDDC0316}
		{01FAEB69-8954-4A1F-8AD9-DA049C3AFD89} = {1416DD41-2614-437B-AFD1-155A5D553AF0}
		{6AF3CB89-8118-4C4F-BA21-17D828DDC308} = {E66CA1E1-2CAC-4FE0-93EB-C352EB0556AD}
		{3DC9F872-775C-4D7D-B76F-A0BCF8034700} = {6AF3CB89-8118-4C4F-BA21-17D828DDC308}
		{A9A22FBB-F50D-46AE-9F57-9E2091D8BBB9} = {E66CA1E1-2CAC-4FE0-93EB-C352EB0556AD}
		{2118CE58-D137-478A-9499-E2095BCAA5A0} = {A9A22FBB-F50D-46AE-9F57-9E2091D8BBB9}
	EndGlobalSection
	GlobalSection(ExtensibilityGlobals) = postSolution
		SolutionGuid = {AD412C44-C1D3-44D5-9A32-1288E3A1E403}
	EndGlobalSection
EndGlobal
